
Microsoft Visual Studio Solution File, Format Version 12.00
# Visual Studio Version 17
VisualStudioVersion = 17.5.33516.290
MinimumVisualStudioVersion = 10.0.40219.1
Project("{9A19103F-16F7-4668-BE54-9A1E7A4F7556}") = "Durable_functions", "Coursera_AZ204_Functions\Durable_functions.csproj", "{D52FDCB4-3EF5-4247-B645-A8CCAAC3FA7A}"
EndProject
Project("{9A19103F-16F7-4668-BE54-9A1E7A4F7556}") = "WatchPortalFunction", "WatchPortalFunction\WatchPortalFunction.csproj", "{77D91B5C-2B5A-4EEE-ADC3-53650B7C2842}"
EndProject
Project("{9A19103F-16F7-4668-BE54-9A1E7A4F7556}") = "WatchFunctionsTests", "WatchFunctionsTests\WatchFunctionsTests.csproj", "{D1C39AB0-38C1-423A-A2B3-653D9B2A3BAF}"
EndProject
Project("{9A19103F-16F7-4668-BE54-9A1E7A4F7556}") = "GithubWebHook1", "GithubWebHook1\GithubWebHook1.csproj", "{74E98592-3916-4799-9912-4221F5C3EDE3}"
EndProject
Project("{FAE04EC0-301F-11D3-BF4B-00C04F79EFBC}") = "polling-based _webApp", "polling-based _webApp\polling-based _webApp.csproj", "{6F623023-383F-48B9-8DE7-76A434932796}"
EndProject
Global
	GlobalSection(SolutionConfigurationPlatforms) = preSolution
		Debug|Any CPU = Debug|Any CPU
		Release|Any CPU = Release|Any CPU
	EndGlobalSection
	GlobalSection(ProjectConfigurationPlatforms) = postSolution
		{D52FDCB4-3EF5-4247-B645-A8CCAAC3FA7A}.Debug|Any CPU.ActiveCfg = Debug|Any CPU
		{D52FDCB4-3EF5-4247-B645-A8CCAAC3FA7A}.Debug|Any CPU.Build.0 = Debug|Any CPU
		{D52FDCB4-3EF5-4247-B645-A8CCAAC3FA7A}.Release|Any CPU.ActiveCfg = Release|Any CPU
		{D52FDCB4-3EF5-4247-B645-A8CCAAC3FA7A}.Release|Any CPU.Build.0 = Release|Any CPU
		{77D91B5C-2B5A-4EEE-ADC3-53650B7C2842}.Debug|Any CPU.ActiveCfg = Debug|Any CPU
		{77D91B5C-2B5A-4EEE-ADC3-53650B7C2842}.Debug|Any CPU.Build.0 = Debug|Any CPU
		{77D91B5C-2B5A-4EEE-ADC3-53650B7C2842}.Release|Any CPU.ActiveCfg = Release|Any CPU
		{77D91B5C-2B5A-4EEE-ADC3-53650B7C2842}.Release|Any CPU.Build.0 = Release|Any CPU
		{D1C39AB0-38C1-423A-A2B3-653D9B2A3BAF}.Debug|Any CPU.ActiveCfg = Debug|Any CPU
		{D1C39AB0-38C1-423A-A2B3-653D9B2A3BAF}.Debug|Any CPU.Build.0 = Debug|Any CPU
		{D1C39AB0-38C1-423A-A2B3-653D9B2A3BAF}.Release|Any CPU.ActiveCfg = Release|Any CPU
		{D1C39AB0-38C1-423A-A2B3-653D9B2A3BAF}.Release|Any CPU.Build.0 = Release|Any CPU
		{74E98592-3916-4799-9912-4221F5C3EDE3}.Debug|Any CPU.ActiveCfg = Debug|Any CPU
		{74E98592-3916-4799-9912-4221F5C3EDE3}.Debug|Any CPU.Build.0 = Debug|Any CPU
		{74E98592-3916-4799-9912-4221F5C3EDE3}.Release|Any CPU.ActiveCfg = Release|Any CPU
		{74E98592-3916-4799-9912-4221F5C3EDE3}.Release|Any CPU.Build.0 = Release|Any CPU
		{6F623023-383F-48B9-8DE7-76A434932796}.Debug|Any CPU.ActiveCfg = Debug|Any CPU
		{6F623023-383F-48B9-8DE7-76A434932796}.Debug|Any CPU.Build.0 = Debug|Any CPU
		{6F623023-383F-48B9-8DE7-76A434932796}.Release|Any CPU.ActiveCfg = Release|Any CPU
		{6F623023-383F-48B9-8DE7-76A434932796}.Release|Any CPU.Build.0 = Release|Any CPU
	EndGlobalSection
	GlobalSection(SolutionProperties) = preSolution
		HideSolutionNode = FALSE
	EndGlobalSection
	GlobalSection(ExtensibilityGlobals) = postSolution
		SolutionGuid = {5FA2E6D0-435F-4E6D-9221-71162C6AC5A9}
	EndGlobalSection
EndGlobal
